
Microsoft Visual Studio Solution File, Format Version 12.00
# Visual Studio Version 17
VisualStudioVersion = 17.5.002.0
MinimumVisualStudioVersion = 10.0.40219.1
Project("{9A19103F-16F7-4668-BE54-9A1E7A4F7556}") = "PTI-CONTROLE-ESTOQUE", "PTI-CONTROLE-ESTOQUE.csproj", "{F44B1E0F-9D6A-425E-AFBE-F2E6DC26ECAA}"
EndProject
Global
	GlobalSection(SolutionConfigurationPlatforms) = preSolution
		Debug|Any CPU = Debug|Any CPU
		Release|Any CPU = Release|Any CPU
	EndGlobalSection
	GlobalSection(ProjectConfigurationPlatforms) = postSolution
		{F44B1E0F-9D6A-425E-AFBE-F2E6DC26ECAA}.Debug|Any CPU.ActiveCfg = Debug|Any CPU
		{F44B1E0F-9D6A-425E-AFBE-F2E6DC26ECAA}.Debug|Any CPU.Build.0 = Debug|Any CPU
		{F44B1E0F-9D6A-425E-AFBE-F2E6DC26ECAA}.Release|Any CPU.ActiveCfg = Release|Any CPU
		{F44B1E0F-9D6A-425E-AFBE-F2E6DC26ECAA}.Release|Any CPU.Build.0 = Release|Any CPU
	EndGlobalSection
	GlobalSection(SolutionProperties) = preSolution
		HideSolutionNode = FALSE
	EndGlobalSection
	GlobalSection(ExtensibilityGlobals) = postSolution
		SolutionGuid = {E93D76AC-5C7E-4D39-AD20-18906D040D13}
	EndGlobalSection
EndGlobal
